
Microsoft Visual Studio Solution File, Format Version 12.00
# Visual Studio Version 17
VisualStudioVersion = 17.4.33122.133
MinimumVisualStudioVersion = 10.0.40219.1
Project("{9A19103F-16F7-4668-BE54-9A1E7A4F7556}") = "BlazorEcommerce.Server", "BlazorEcommerce\Server\BlazorEcommerce.Server.csproj", "{224156D7-CDCD-488D-99B7-BBF4953B26AD}"
EndProject
Project("{9A19103F-16F7-4668-BE54-9A1E7A4F7556}") = "BlazorEcommerce.Client", "BlazorEcommerce\Client\BlazorEcommerce.Client.csproj", "{6E1B0260-D383-4BCB-93C4-E900A7B7D603}"
EndProject
Project("{9A19103F-16F7-4668-BE54-9A1E7A4F7556}") = "BlazorEcommerce.Shared", "BlazorEcommerce\Shared\BlazorEcommerce.Shared.csproj", "{C054A2AA-0287-4BFB-9E91-D5EB3198705E}"
EndProject
Global
	GlobalSection(SolutionConfigurationPlatforms) = preSolution
		Debug|Any CPU = Debug|Any CPU
		Release|Any CPU = Release|Any CPU
	EndGlobalSection
	GlobalSection(ProjectConfigurationPlatforms) = postSolution
		{224156D7-CDCD-488D-99B7-BBF4953B26AD}.Debug|Any CPU.ActiveCfg = Debug|Any CPU
		{224156D7-CDCD-488D-99B7-BBF4953B26AD}.Debug|Any CPU.Build.0 = Debug|Any CPU
		{224156D7-CDCD-488D-99B7-BBF4953B26AD}.Release|Any CPU.ActiveCfg = Release|Any CPU
		{224156D7-CDCD-488D-99B7-BBF4953B26AD}.Release|Any CPU.Build.0 = Release|Any CPU
		{6E1B0260-D383-4BCB-93C4-E900A7B7D603}.Debug|Any CPU.ActiveCfg = Debug|Any CPU
		{6E1B0260-D383-4BCB-93C4-E900A7B7D603}.Debug|Any CPU.Build.0 = Debug|Any CPU
		{6E1B0260-D383-4BCB-93C4-E900A7B7D603}.Release|Any CPU.ActiveCfg = Release|Any CPU
		{6E1B0260-D383-4BCB-93C4-E900A7B7D603}.Release|Any CPU.Build.0 = Release|Any CPU
		{C054A2AA-0287-4BFB-9E91-D5EB3198705E}.Debug|Any CPU.ActiveCfg = Debug|Any CPU
		{C054A2AA-0287-4BFB-9E91-D5EB3198705E}.Debug|Any CPU.Build.0 = Debug|Any CPU
		{C054A2AA-0287-4BFB-9E91-D5EB3198705E}.Release|Any CPU.ActiveCfg = Release|Any CPU
		{C054A2AA-0287-4BFB-9E91-D5EB3198705E}.Release|Any CPU.Build.0 = Release|Any CPU
	EndGlobalSection
	GlobalSection(SolutionProperties) = preSolution
		HideSolutionNode = FALSE
	EndGlobalSection
	GlobalSection(ExtensibilityGlobals) = postSolution
		SolutionGuid = {8018993B-8D80-407F-A4AD-7022DFDEE466}
	EndGlobalSection
EndGlobal
